// !$*UTF8*$!
{
	archiveVersion = 1;
	classes = {
	};
	objectVersion = 48;
	objects = {

/* Begin PBXBuildFile section */
		D85A8A621FDFDF4300786B97 /* AppDelegate.swift in Sources */ = {isa = PBXBuildFile; fileRef = D85A8A611FDFDF4300786B97 /* AppDelegate.swift */; };
		D85A8A641FDFDF4300786B97 /* ViewController.swift in Sources */ = {isa = PBXBuildFile; fileRef = D85A8A631FDFDF4300786B97 /* ViewController.swift */; };
		D85A8A691FDFDF4300786B97 /* Assets.xcassets in Resources */ = {isa = PBXBuildFile; fileRef = D85A8A681FDFDF4300786B97 /* Assets.xcassets */; };
		D85A8A6C1FDFDF4300786B97 /* LaunchScreen.storyboard in Resources */ = {isa = PBXBuildFile; fileRef = D85A8A6A1FDFDF4300786B97 /* LaunchScreen.storyboard */; };
		D85A8A741FDFE82700786B97 /* LoginViewController.swift in Sources */ = {isa = PBXBuildFile; fileRef = D85A8A731FDFE82700786B97 /* LoginViewController.swift */; };
		D85A8A761FDFE93400786B97 /* RegisterViewController.swift in Sources */ = {isa = PBXBuildFile; fileRef = D85A8A751FDFE93400786B97 /* RegisterViewController.swift */; };
		DF13A17C2420CDEE00C56E1E /* UnityFramework.framework in Frameworks */ = {isa = PBXBuildFile; fileRef = DF13A17A2420CDE100C56E1E /* UnityFramework.framework */; };
		DF13A17D2420CDEE00C56E1E /* UnityFramework.framework in Embed Frameworks */ = {isa = PBXBuildFile; fileRef = DF13A17A2420CDE100C56E1E /* UnityFramework.framework */; settings = {ATTRIBUTES = (CodeSignOnCopy, RemoveHeadersOnCopy, ); }; };
		DF13A1832420CE9900C56E1E /* UnityEmbeddedSwift.swift in Sources */ = {isa = PBXBuildFile; fileRef = DF13A1822420CE9900C56E1E /* UnityEmbeddedSwift.swift */; };
/* End PBXBuildFile section */

/* Begin PBXCopyFilesBuildPhase section */
		DF13A17E2420CDEE00C56E1E /* Embed Frameworks */ = {
			isa = PBXCopyFilesBuildPhase;
			buildActionMask = 2147483647;
			dstPath = "";
			dstSubfolderSpec = 10;
			files = (
				DF13A17D2420CDEE00C56E1E /* UnityFramework.framework in Embed Frameworks */,
			);
			name = "Embed Frameworks";
			runOnlyForDeploymentPostprocessing = 0;
		};
/* End PBXCopyFilesBuildPhase section */

/* Begin PBXFileReference section */
		D85A8A5E1FDFDF4300786B97 /* UINavigationController-Example.app */ = {isa = PBXFileReference; explicitFileType = wrapper.application; includeInIndex = 0; path = "UINavigationController-Example.app"; sourceTree = BUILT_PRODUCTS_DIR; };
		D85A8A611FDFDF4300786B97 /* AppDelegate.swift */ = {isa = PBXFileReference; lastKnownFileType = sourcecode.swift; path = AppDelegate.swift; sourceTree = "<group>"; };
		D85A8A631FDFDF4300786B97 /* ViewController.swift */ = {isa = PBXFileReference; lastKnownFileType = sourcecode.swift; path = ViewController.swift; sourceTree = "<group>"; };
		D85A8A681FDFDF4300786B97 /* Assets.xcassets */ = {isa = PBXFileReference; lastKnownFileType = folder.assetcatalog; path = Assets.xcassets; sourceTree = "<group>"; };
		D85A8A6B1FDFDF4300786B97 /* Base */ = {isa = PBXFileReference; lastKnownFileType = file.storyboard; name = Base; path = Base.lproj/LaunchScreen.storyboard; sourceTree = "<group>"; };
		D85A8A6D1FDFDF4300786B97 /* Info.plist */ = {isa = PBXFileReference; lastKnownFileType = text.plist.xml; path = Info.plist; sourceTree = "<group>"; };
		D85A8A731FDFE82700786B97 /* LoginViewController.swift */ = {isa = PBXFileReference; lastKnownFileType = sourcecode.swift; path = LoginViewController.swift; sourceTree = "<group>"; };
		D85A8A751FDFE93400786B97 /* RegisterViewController.swift */ = {isa = PBXFileReference; lastKnownFileType = sourcecode.swift; path = RegisterViewController.swift; sourceTree = "<group>"; };
		DF13A17A2420CDE100C56E1E /* UnityFramework.framework */ = {isa = PBXFileReference; lastKnownFileType = wrapper.framework; path = UnityFramework.framework; sourceTree = "<group>"; };
		DF13A17F2420CDFA00C56E1E /* UINavigationController-Example-Bridging-Header.h */ = {isa = PBXFileReference; lastKnownFileType = sourcecode.c.h; path = "UINavigationController-Example-Bridging-Header.h"; sourceTree = "<group>"; };
		DF13A1822420CE9900C56E1E /* UnityEmbeddedSwift.swift */ = {isa = PBXFileReference; lastKnownFileType = sourcecode.swift; path = UnityEmbeddedSwift.swift; sourceTree = "<group>"; };
/* End PBXFileReference section */

/* Begin PBXFrameworksBuildPhase section */
		D85A8A5B1FDFDF4300786B97 /* Frameworks */ = {
			isa = PBXFrameworksBuildPhase;
			buildActionMask = 2147483647;
			files = (
				DF13A17C2420CDEE00C56E1E /* UnityFramework.framework in Frameworks */,
			);
			runOnlyForDeploymentPostprocessing = 0;
		};
/* End PBXFrameworksBuildPhase section */

/* Begin PBXGroup section */
		D85A8A551FDFDF4300786B97 = {
			isa = PBXGroup;
			children = (
				D85A8A601FDFDF4300786B97 /* UINavigationController-Example */,
				D85A8A5F1FDFDF4300786B97 /* Products */,
			);
			sourceTree = "<group>";
		};
		D85A8A5F1FDFDF4300786B97 /* Products */ = {
			isa = PBXGroup;
			children = (
				D85A8A5E1FDFDF4300786B97 /* UINavigationController-Example.app */,
			);
			name = Products;
			sourceTree = "<group>";
		};
		D85A8A601FDFDF4300786B97 /* UINavigationController-Example */ = {
			isa = PBXGroup;
			children = (
				D85A8A611FDFDF4300786B97 /* AppDelegate.swift */,
				DF13A1822420CE9900C56E1E /* UnityEmbeddedSwift.swift */,
				D85A8A631FDFDF4300786B97 /* ViewController.swift */,
				DF13A17A2420CDE100C56E1E /* UnityFramework.framework */,
				D85A8A731FDFE82700786B97 /* LoginViewController.swift */,
				DF13A17F2420CDFA00C56E1E /* UINavigationController-Example-Bridging-Header.h */,
				D85A8A751FDFE93400786B97 /* RegisterViewController.swift */,
				D85A8A681FDFDF4300786B97 /* Assets.xcassets */,
				D85A8A6A1FDFDF4300786B97 /* LaunchScreen.storyboard */,
				D85A8A6D1FDFDF4300786B97 /* Info.plist */,
			);
			path = "UINavigationController-Example";
			sourceTree = "<group>";
		};
/* End PBXGroup section */

/* Begin PBXNativeTarget section */
		D85A8A5D1FDFDF4300786B97 /* UINavigationController-Example */ = {
			isa = PBXNativeTarget;
			buildConfigurationList = D85A8A701FDFDF4300786B97 /* Build configuration list for PBXNativeTarget "UINavigationController-Example" */;
			buildPhases = (
				D85A8A5A1FDFDF4300786B97 /* Sources */,
				D85A8A5B1FDFDF4300786B97 /* Frameworks */,
				D85A8A5C1FDFDF4300786B97 /* Resources */,
				DF13A17E2420CDEE00C56E1E /* Embed Frameworks */,
			);
			buildRules = (
			);
			dependencies = (
			);
			name = "UINavigationController-Example";
			productName = "UINavigationController-Example";
			productReference = D85A8A5E1FDFDF4300786B97 /* UINavigationController-Example.app */;
			productType = "com.apple.product-type.application";
		};
/* End PBXNativeTarget section */

/* Begin PBXProject section */
		D85A8A561FDFDF4300786B97 /* Project object */ = {
			isa = PBXProject;
			attributes = {
				LastSwiftUpdateCheck = 0920;
				LastUpgradeCheck = 0920;
				ORGANIZATIONNAME = strawb3rryx7;
				TargetAttributes = {
					D85A8A5D1FDFDF4300786B97 = {
						CreatedOnToolsVersion = 9.2;
						LastSwiftMigration = 1130;
						ProvisioningStyle = Automatic;
					};
				};
			};
			buildConfigurationList = D85A8A591FDFDF4300786B97 /* Build configuration list for PBXProject "UINavigationController-Example" */;
			compatibilityVersion = "Xcode 8.0";
			developmentRegion = en;
			hasScannedForEncodings = 0;
			knownRegions = (
				en,
				Base,
			);
			mainGroup = D85A8A551FDFDF4300786B97;
			productRefGroup = D85A8A5F1FDFDF4300786B97 /* Products */;
			projectDirPath = "";
			projectRoot = "";
			targets = (
				D85A8A5D1FDFDF4300786B97 /* UINavigationController-Example */,
			);
		};
/* End PBXProject section */

/* Begin PBXResourcesBuildPhase section */
		D85A8A5C1FDFDF4300786B97 /* Resources */ = {
			isa = PBXResourcesBuildPhase;
			buildActionMask = 2147483647;
			files = (
				D85A8A6C1FDFDF4300786B97 /* LaunchScreen.storyboard in Resources */,
				D85A8A691FDFDF4300786B97 /* Assets.xcassets in Resources */,
			);
			runOnlyForDeploymentPostprocessing = 0;
		};
/* End PBXResourcesBuildPhase section */

/* Begin PBXSourcesBuildPhase section */
		D85A8A5A1FDFDF4300786B97 /* Sources */ = {
			isa = PBXSourcesBuildPhase;
			buildActionMask = 2147483647;
			files = (
				D85A8A741FDFE82700786B97 /* LoginViewController.swift in Sources */,
				D85A8A641FDFDF4300786B97 /* ViewController.swift in Sources */,
				DF13A1832420CE9900C56E1E /* UnityEmbeddedSwift.swift in Sources */,
				D85A8A621FDFDF4300786B97 /* AppDelegate.swift in Sources */,
				D85A8A761FDFE93400786B97 /* RegisterViewController.swift in Sources */,
			);
			runOnlyForDeploymentPostprocessing = 0;
		};
/* End PBXSourcesBuildPhase section */

/* Begin PBXVariantGroup section */
		D85A8A6A1FDFDF4300786B97 /* LaunchScreen.storyboard */ = {
			isa = PBXVariantGroup;
			children = (
				D85A8A6B1FDFDF4300786B97 /* Base */,
			);
			name = LaunchScreen.storyboard;
			sourceTree = "<group>";
		};
/* End PBXVariantGroup section */

/* Begin XCBuildConfiguration section */
		D85A8A6E1FDFDF4300786B97 /* Debug */ = {
			isa = XCBuildConfiguration;
			buildSettings = {
				ALWAYS_SEARCH_USER_PATHS = NO;
				CLANG_ANALYZER_NONNULL = YES;
				CLANG_ANALYZER_NUMBER_OBJECT_CONVERSION = YES_AGGRESSIVE;
				CLANG_CXX_LANGUAGE_STANDARD = "gnu++14";
				CLANG_CXX_LIBRARY = "libc++";
				CLANG_ENABLE_MODULES = YES;
				CLANG_ENABLE_OBJC_ARC = YES;
				CLANG_WARN_BLOCK_CAPTURE_AUTORELEASING = YES;
				CLANG_WARN_BOOL_CONVERSION = YES;
				CLANG_WARN_COMMA = YES;
				CLANG_WARN_CONSTANT_CONVERSION = YES;
				CLANG_WARN_DIRECT_OBJC_ISA_USAGE = YES_ERROR;
				CLANG_WARN_DOCUMENTATION_COMMENTS = YES;
				CLANG_WARN_EMPTY_BODY = YES;
				CLANG_WARN_ENUM_CONVERSION = YES;
				CLANG_WARN_INFINITE_RECURSION = YES;
				CLANG_WARN_INT_CONVERSION = YES;
				CLANG_WARN_NON_LITERAL_NULL_CONVERSION = YES;
				CLANG_WARN_OBJC_LITERAL_CONVERSION = YES;
				CLANG_WARN_OBJC_ROOT_CLASS = YES_ERROR;
				CLANG_WARN_RANGE_LOOP_ANALYSIS = YES;
				CLANG_WARN_STRICT_PROTOTYPES = YES;
				CLANG_WARN_SUSPICIOUS_MOVE = YES;
				CLANG_WARN_UNGUARDED_AVAILABILITY = YES_AGGRESSIVE;
				CLANG_WARN_UNREACHABLE_CODE = YES;
				CLANG_WARN__DUPLICATE_METHOD_MATCH = YES;
				CODE_SIGN_IDENTITY = "iPhone Developer";
				COPY_PHASE_STRIP = NO;
				DEBUG_INFORMATION_FORMAT = dwarf;
				ENABLE_STRICT_OBJC_MSGSEND = YES;
				ENABLE_TESTABILITY = YES;
				GCC_C_LANGUAGE_STANDARD = gnu11;
				GCC_DYNAMIC_NO_PIC = NO;
				GCC_NO_COMMON_BLOCKS = YES;
				GCC_OPTIMIZATION_LEVEL = 0;
				GCC_PREPROCESSOR_DEFINITIONS = (
					"DEBUG=1",
					"$(inherited)",
				);
				GCC_WARN_64_TO_32_BIT_CONVERSION = YES;
				GCC_WARN_ABOUT_RETURN_TYPE = YES_ERROR;
				GCC_WARN_UNDECLARED_SELECTOR = YES;
				GCC_WARN_UNINITIALIZED_AUTOS = YES_AGGRESSIVE;
				GCC_WARN_UNUSED_FUNCTION = YES;
				GCC_WARN_UNUSED_VARIABLE = YES;
				IPHONEOS_DEPLOYMENT_TARGET = 11.2;
				MTL_ENABLE_DEBUG_INFO = YES;
				ONLY_ACTIVE_ARCH = YES;
				SDKROOT = iphoneos;
				SWIFT_ACTIVE_COMPILATION_CONDITIONS = DEBUG;
				SWIFT_OPTIMIZATION_LEVEL = "-Onone";
			};
			name = Debug;
		};
		D85A8A6F1FDFDF4300786B97 /* Release */ = {
			isa = XCBuildConfiguration;
			buildSettings = {
				ALWAYS_SEARCH_USER_PATHS = NO;
				CLANG_ANALYZER_NONNULL = YES;
				CLANG_ANALYZER_NUMBER_OBJECT_CONVERSION = YES_AGGRESSIVE;
				CLANG_CXX_LANGUAGE_STANDARD = "gnu++14";
				CLANG_CXX_LIBRARY = "libc++";
				CLANG_ENABLE_MODULES = YES;
				CLANG_ENABLE_OBJC_ARC = YES;
				CLANG_WARN_BLOCK_CAPTURE_AUTORELEASING = YES;
				CLANG_WARN_BOOL_CONVERSION = YES;
				CLANG_WARN_COMMA = YES;
				CLANG_WARN_CONSTANT_CONVERSION = YES;
				CLANG_WARN_DIRECT_OBJC_ISA_USAGE = YES_ERROR;
				CLANG_WARN_DOCUMENTATION_COMMENTS = YES;
				CLANG_WARN_EMPTY_BODY = YES;
				CLANG_WARN_ENUM_CONVERSION = YES;
				CLANG_WARN_INFINITE_RECURSION = YES;
				CLANG_WARN_INT_CONVERSION = YES;
				CLANG_WARN_NON_LITERAL_NULL_CONVERSION = YES;
				CLANG_WARN_OBJC_LITERAL_CONVERSION = YES;
				CLANG_WARN_OBJC_ROOT_CLASS = YES_ERROR;
				CLANG_WARN_RANGE_LOOP_ANALYSIS = YES;
				CLANG_WARN_STRICT_PROTOTYPES = YES;
				CLANG_WARN_SUSPICIOUS_MOVE = YES;
				CLANG_WARN_UNGUARDED_AVAILABILITY = YES_AGGRESSIVE;
				CLANG_WARN_UNREACHABLE_CODE = YES;
				CLANG_WARN__DUPLICATE_METHOD_MATCH = YES;
				CODE_SIGN_IDENTITY = "iPhone Developer";
				COPY_PHASE_STRIP = NO;
				DEBUG_INFORMATION_FORMAT = "dwarf-with-dsym";
				ENABLE_NS_ASSERTIONS = NO;
				ENABLE_STRICT_OBJC_MSGSEND = YES;
				GCC_C_LANGUAGE_STANDARD = gnu11;
				GCC_NO_COMMON_BLOCKS = YES;
				GCC_WARN_64_TO_32_BIT_CONVERSION = YES;
				GCC_WARN_ABOUT_RETURN_TYPE = YES_ERROR;
				GCC_WARN_UNDECLARED_SELECTOR = YES;
				GCC_WARN_UNINITIALIZED_AUTOS = YES_AGGRESSIVE;
				GCC_WARN_UNUSED_FUNCTION = YES;
				GCC_WARN_UNUSED_VARIABLE = YES;
				IPHONEOS_DEPLOYMENT_TARGET = 11.2;
				MTL_ENABLE_DEBUG_INFO = NO;
				SDKROOT = iphoneos;
				SWIFT_OPTIMIZATION_LEVEL = "-Owholemodule";
				VALIDATE_PRODUCT = YES;
			};
			name = Release;
		};
		D85A8A711FDFDF4300786B97 /* Debug */ = {
			isa = XCBuildConfiguration;
			buildSettings = {
				ASSETCATALOG_COMPILER_APPICON_NAME = AppIcon;
				CLANG_ENABLE_MODULES = YES;
				CODE_SIGN_STYLE = Automatic;
				DEVELOPMENT_TEAM = 5GJJUP479Z;
				FRAMEWORK_SEARCH_PATHS = (
					"$(inherited)",
					"$(PROJECT_DIR)/UINavigationController-Example",
				);
				INFOPLIST_FILE = "UINavigationController-Example/Info.plist";
				LD_RUNPATH_SEARCH_PATHS = "$(inherited) @executable_path/Frameworks";
				PRODUCT_BUNDLE_IDENTIFIER = ca.viinc.test.sandbox;
				PRODUCT_NAME = "$(TARGET_NAME)";
				SWIFT_OBJC_BRIDGING_HEADER = "UINavigationController-Example/UINavigationController-Example-Bridging-Header.h";
				SWIFT_OPTIMIZATION_LEVEL = "-Onone";
				SWIFT_VERSION = 4.0;
				TARGETED_DEVICE_FAMILY = "1,2";
			};
			name = Debug;
		};
		D85A8A721FDFDF4300786B97 /* Release */ = {
			isa = XCBuildConfiguration;
			buildSettings = {
				ASSETCATALOG_COMPILER_APPICON_NAME = AppIcon;
				CLANG_ENABLE_MODULES = YES;
				CODE_SIGN_STYLE = Automatic;
				DEVELOPMENT_TEAM = 5GJJUP479Z;
				FRAMEWORK_SEARCH_PATHS = (
					"$(inherited)",
					"$(PROJECT_DIR)/UINavigationController-Example",
				);
				INFOPLIST_FILE = "UINavigationController-Example/Info.plist";
				LD_RUNPATH_SEARCH_PATHS = "$(inherited) @executable_path/Frameworks";
				PRODUCT_BUNDLE_IDENTIFIER = ca.viinc.test.sandbox;
				PRODUCT_NAME = "$(TARGET_NAME)";
				SWIFT_OBJC_BRIDGING_HEADER = "UINavigationController-Example/UINavigationController-Example-Bridging-Header.h";
				SWIFT_VERSION = 4.0;
				TARGETED_DEVICE_FAMILY = "1,2";
			};
			name = Release;
		};
/* End XCBuildConfiguration section */

/* Begin XCConfigurationList section */
		D85A8A591FDFDF4300786B97 /* Build configuration list for PBXProject "UINavigationController-Example" */ = {
			isa = XCConfigurationList;
			buildConfigurations = (
				D85A8A6E1FDFDF4300786B97 /* Debug */,
				D85A8A6F1FDFDF4300786B97 /* Release */,
			);
			defaultConfigurationIsVisible = 0;
			defaultConfigurationName = Release;
		};
		D85A8A701FDFDF4300786B97 /* Build configuration list for PBXNativeTarget "UINavigationController-Example" */ = {
			isa = XCConfigurationList;
			buildConfigurations = (
				D85A8A711FDFDF4300786B97 /* Debug */,
				D85A8A721FDFDF4300786B97 /* Release */,
			);
			defaultConfigurationIsVisible = 0;
			defaultConfigurationName = Release;
		};
/* End XCConfigurationList section */
	};
	rootObject = D85A8A561FDFDF4300786B97 /* Project object */;
}
